
Microsoft Visual Studio Solution File, Format Version 12.00
# Visual Studio Version 16
VisualStudioVersion = 16.0.29521.150
MinimumVisualStudioVersion = 10.0.40219.1
Project("{FAE04EC0-301F-11D3-BF4B-00C04F79EFBC}") = "Beep.GUI", "Beep.GUI\Beep.GUI.csproj", "{46BB5866-EC58-4FC6-95A1-AA51E9C87B57}"
EndProject
Global
	GlobalSection(SolutionConfigurationPlatforms) = preSolution
		Debug|Any CPU = Debug|Any CPU
		Release|Any CPU = Release|Any CPU
	EndGlobalSection
	GlobalSection(ProjectConfigurationPlatforms) = postSolution
		{46BB5866-EC58-4FC6-95A1-AA51E9C87B57}.Debug|Any CPU.ActiveCfg = Debug|Any CPU
		{46BB5866-EC58-4FC6-95A1-AA51E9C87B57}.Debug|Any CPU.Build.0 = Debug|Any CPU
		{46BB5866-EC58-4FC6-95A1-AA51E9C87B57}.Release|Any CPU.ActiveCfg = Release|Any CPU
		{46BB5866-EC58-4FC6-95A1-AA51E9C87B57}.Release|Any CPU.Build.0 = Release|Any CPU
	EndGlobalSection
	GlobalSection(SolutionProperties) = preSolution
		HideSolutionNode = FALSE
	EndGlobalSection
	GlobalSection(ExtensibilityGlobals) = postSolution
		SolutionGuid = {B5036C97-BDB5-4965-ACF7-A0ED75145586}
	EndGlobalSection
EndGlobal
